
Microsoft Visual Studio Solution File, Format Version 12.00
# Visual Studio Express 2013 for Windows Desktop
VisualStudioVersion = 12.0.31101.0
MinimumVisualStudioVersion = 10.0.40219.1
Project("{8BC9CEB8-8B4A-11D0-8D11-00A0C91BC942}") = "Lab03-1", "Lab03\Lab03.vcxproj", "{0DD19FCF-1EFA-446C-A89A-9440EBF81A35}"
EndProject
Project("{8BC9CEB8-8B4A-11D0-8D11-00A0C91BC942}") = "Test03-1", "Test03-1\Test03-1.vcxproj", "{A5317D82-AD8E-4C4E-AEB1-F103E5340537}"
EndProject
Project("{8BC9CEB8-8B4A-11D0-8D11-00A0C91BC942}") = "Lab03-2", "Lab03-2\Lab03-2.vcxproj", "{88FBCA9D-D3C5-4FA0-8AAD-C160EBD41860}"
EndProject
Project("{8BC9CEB8-8B4A-11D0-8D11-00A0C91BC942}") = "Test03-2", "Test03-2\Test03-2.vcxproj", "{6B4B5F0E-CBD1-4141-9DA3-A184ECB35391}"
EndProject
Project("{8BC9CEB8-8B4A-11D0-8D11-00A0C91BC942}") = "Lab03-3", "Lab03-3\Lab03-3.vcxproj", "{4FAFC98E-6568-4CE3-A1AC-3EA81291FE16}"
EndProject
Project("{8BC9CEB8-8B4A-11D0-8D11-00A0C91BC942}") = "Lab03-4", "Lab03-4\Lab03-4.vcxproj", "{B7F8ABF0-787F-4F32-A3B3-A279CB092260}"
EndProject
Project("{8BC9CEB8-8B4A-11D0-8D11-00A0C91BC942}") = "Test03-4", "Test03-4\Test03-4.vcxproj", "{8DC97846-F57A-40F0-8FC8-ED5B4B89C948}"
EndProject
Global
	GlobalSection(SolutionConfigurationPlatforms) = preSolution
		Debug|Win32 = Debug|Win32
		Release|Win32 = Release|Win32
	EndGlobalSection
	GlobalSection(ProjectConfigurationPlatforms) = postSolution
		{0DD19FCF-1EFA-446C-A89A-9440EBF81A35}.Debug|Win32.ActiveCfg = Debug|Win32
		{0DD19FCF-1EFA-446C-A89A-9440EBF81A35}.Debug|Win32.Build.0 = Debug|Win32
		{0DD19FCF-1EFA-446C-A89A-9440EBF81A35}.Release|Win32.ActiveCfg = Release|Win32
		{0DD19FCF-1EFA-446C-A89A-9440EBF81A35}.Release|Win32.Build.0 = Release|Win32
		{A5317D82-AD8E-4C4E-AEB1-F103E5340537}.Debug|Win32.ActiveCfg = Debug|Win32
		{A5317D82-AD8E-4C4E-AEB1-F103E5340537}.Debug|Win32.Build.0 = Debug|Win32
		{A5317D82-AD8E-4C4E-AEB1-F103E5340537}.Release|Win32.ActiveCfg = Release|Win32
		{A5317D82-AD8E-4C4E-AEB1-F103E5340537}.Release|Win32.Build.0 = Release|Win32
		{88FBCA9D-D3C5-4FA0-8AAD-C160EBD41860}.Debug|Win32.ActiveCfg = Debug|Win32
		{88FBCA9D-D3C5-4FA0-8AAD-C160EBD41860}.Debug|Win32.Build.0 = Debug|Win32
		{88FBCA9D-D3C5-4FA0-8AAD-C160EBD41860}.Release|Win32.ActiveCfg = Release|Win32
		{88FBCA9D-D3C5-4FA0-8AAD-C160EBD41860}.Release|Win32.Build.0 = Release|Win32
		{6B4B5F0E-CBD1-4141-9DA3-A184ECB35391}.Debug|Win32.ActiveCfg = Debug|Win32
		{6B4B5F0E-CBD1-4141-9DA3-A184ECB35391}.Debug|Win32.Build.0 = Debug|Win32
		{6B4B5F0E-CBD1-4141-9DA3-A184ECB35391}.Release|Win32.ActiveCfg = Release|Win32
		{6B4B5F0E-CBD1-4141-9DA3-A184ECB35391}.Release|Win32.Build.0 = Release|Win32
		{4FAFC98E-6568-4CE3-A1AC-3EA81291FE16}.Debug|Win32.ActiveCfg = Debug|Win32
		{4FAFC98E-6568-4CE3-A1AC-3EA81291FE16}.Debug|Win32.Build.0 = Debug|Win32
		{4FAFC98E-6568-4CE3-A1AC-3EA81291FE16}.Release|Win32.ActiveCfg = Release|Win32
		{4FAFC98E-6568-4CE3-A1AC-3EA81291FE16}.Release|Win32.Build.0 = Release|Win32
		{B7F8ABF0-787F-4F32-A3B3-A279CB092260}.Debug|Win32.ActiveCfg = Debug|Win32
		{B7F8ABF0-787F-4F32-A3B3-A279CB092260}.Debug|Win32.Build.0 = Debug|Win32
		{B7F8ABF0-787F-4F32-A3B3-A279CB092260}.Release|Win32.ActiveCfg = Release|Win32
		{B7F8ABF0-787F-4F32-A3B3-A279CB092260}.Release|Win32.Build.0 = Release|Win32
		{8DC97846-F57A-40F0-8FC8-ED5B4B89C948}.Debug|Win32.ActiveCfg = Debug|Win32
		{8DC97846-F57A-40F0-8FC8-ED5B4B89C948}.Debug|Win32.Build.0 = Debug|Win32
		{8DC97846-F57A-40F0-8FC8-ED5B4B89C948}.Release|Win32.ActiveCfg = Release|Win32
		{8DC97846-F57A-40F0-8FC8-ED5B4B89C948}.Release|Win32.Build.0 = Release|Win32
	EndGlobalSection
	GlobalSection(SolutionProperties) = preSolution
		HideSolutionNode = FALSE
	EndGlobalSection
EndGlobal
