
Microsoft Visual Studio Solution File, Format Version 12.00
# Visual Studio Express 2013 for Windows Desktop
VisualStudioVersion = 12.0.30723.0
MinimumVisualStudioVersion = 10.0.40219.1
Project("{8BC9CEB8-8B4A-11D0-8D11-00A0C91BC942}") = "Lab01-1", "Lab01-1.vcxproj", "{1DF25DFC-3009-4CB4-865B-F00560E3DAC5}"
EndProject
Project("{8BC9CEB8-8B4A-11D0-8D11-00A0C91BC942}") = "Lab01-2", "..\Lab01-2\Lab01-2.vcxproj", "{87D1F705-5C1A-4475-8827-06E6E5F035A0}"
EndProject
Project("{8BC9CEB8-8B4A-11D0-8D11-00A0C91BC942}") = "lab01-3", "lab01-3\lab01-3.vcxproj", "{E9E5A7F3-3766-40C5-A617-0EEAC845C222}"
EndProject
Global
	GlobalSection(SolutionConfigurationPlatforms) = preSolution
		Debug|Win32 = Debug|Win32
		Release|Win32 = Release|Win32
	EndGlobalSection
	GlobalSection(ProjectConfigurationPlatforms) = postSolution
		{1DF25DFC-3009-4CB4-865B-F00560E3DAC5}.Debug|Win32.ActiveCfg = Debug|Win32
		{1DF25DFC-3009-4CB4-865B-F00560E3DAC5}.Debug|Win32.Build.0 = Debug|Win32
		{1DF25DFC-3009-4CB4-865B-F00560E3DAC5}.Release|Win32.ActiveCfg = Release|Win32
		{1DF25DFC-3009-4CB4-865B-F00560E3DAC5}.Release|Win32.Build.0 = Release|Win32
		{87D1F705-5C1A-4475-8827-06E6E5F035A0}.Debug|Win32.ActiveCfg = Debug|Win32
		{87D1F705-5C1A-4475-8827-06E6E5F035A0}.Debug|Win32.Build.0 = Debug|Win32
		{87D1F705-5C1A-4475-8827-06E6E5F035A0}.Release|Win32.ActiveCfg = Release|Win32
		{87D1F705-5C1A-4475-8827-06E6E5F035A0}.Release|Win32.Build.0 = Release|Win32
		{E9E5A7F3-3766-40C5-A617-0EEAC845C222}.Debug|Win32.ActiveCfg = Debug|Win32
		{E9E5A7F3-3766-40C5-A617-0EEAC845C222}.Debug|Win32.Build.0 = Debug|Win32
		{E9E5A7F3-3766-40C5-A617-0EEAC845C222}.Release|Win32.ActiveCfg = Release|Win32
		{E9E5A7F3-3766-40C5-A617-0EEAC845C222}.Release|Win32.Build.0 = Release|Win32
	EndGlobalSection
	GlobalSection(SolutionProperties) = preSolution
		HideSolutionNode = FALSE
	EndGlobalSection
EndGlobal
